
Microsoft Visual Studio Solution File, Format Version 11.00
# Visual Studio 2010
Project("{F184B08F-C81C-45F6-A57F-5ABD9991F28F}") = "TracNghiem", "TracNghiem\TracNghiem.vbproj", "{0EFB0882-AC54-4D5E-8B2B-4D6935A4F11D}"
EndProject
Global
	GlobalSection(SolutionConfigurationPlatforms) = preSolution
		Debug|x86 = Debug|x86
		Release|x86 = Release|x86
	EndGlobalSection
	GlobalSection(ProjectConfigurationPlatforms) = postSolution
		{0EFB0882-AC54-4D5E-8B2B-4D6935A4F11D}.Debug|x86.ActiveCfg = Debug|x86
		{0EFB0882-AC54-4D5E-8B2B-4D6935A4F11D}.Debug|x86.Build.0 = Debug|x86
		{0EFB0882-AC54-4D5E-8B2B-4D6935A4F11D}.Release|x86.ActiveCfg = Release|x86
		{0EFB0882-AC54-4D5E-8B2B-4D6935A4F11D}.Release|x86.Build.0 = Release|x86
	EndGlobalSection
	GlobalSection(SolutionProperties) = preSolution
		HideSolutionNode = FALSE
	EndGlobalSection
EndGlobal
